// !$*UTF8*$!
{
	archiveVersion = 1;
	classes = {
	};
	objectVersion = 46;
	objects = {

/* Begin PBXBuildFile section */
		2665F9EE1E8B55F800B206B8 /* AppDelegate.swift in Sources */ = {isa = PBXBuildFile; fileRef = 2665F9ED1E8B55F800B206B8 /* AppDelegate.swift */; };
		2665F9F01E8B55F800B206B8 /* ViewController.swift in Sources */ = {isa = PBXBuildFile; fileRef = 2665F9EF1E8B55F800B206B8 /* ViewController.swift */; };
		2665F9F31E8B55F800B206B8 /* Main.storyboard in Resources */ = {isa = PBXBuildFile; fileRef = 2665F9F11E8B55F800B206B8 /* Main.storyboard */; };
		2665F9F51E8B55F800B206B8 /* Assets.xcassets in Resources */ = {isa = PBXBuildFile; fileRef = 2665F9F41E8B55F800B206B8 /* Assets.xcassets */; };
		2665F9F81E8B55F800B206B8 /* LaunchScreen.storyboard in Resources */ = {isa = PBXBuildFile; fileRef = 2665F9F61E8B55F800B206B8 /* LaunchScreen.storyboard */; };
		2665FA031E8B55F800B206B8 /* UserDefaultDemoTests.swift in Sources */ = {isa = PBXBuildFile; fileRef = 2665FA021E8B55F800B206B8 /* UserDefaultDemoTests.swift */; };
		2665FA0E1E8B55F800B206B8 /* UserDefaultDemoUITests.swift in Sources */ = {isa = PBXBuildFile; fileRef = 2665FA0D1E8B55F800B206B8 /* UserDefaultDemoUITests.swift */; };
/* End PBXBuildFile section */

/* Begin PBXContainerItemProxy section */
		2665F9FF1E8B55F800B206B8 /* PBXContainerItemProxy */ = {
			isa = PBXContainerItemProxy;
			containerPortal = 2665F9E21E8B55F800B206B8 /* Project object */;
			proxyType = 1;
			remoteGlobalIDString = 2665F9E91E8B55F800B206B8;
			remoteInfo = UserDefaultDemo;
		};
		2665FA0A1E8B55F800B206B8 /* PBXContainerItemProxy */ = {
			isa = PBXContainerItemProxy;
			containerPortal = 2665F9E21E8B55F800B206B8 /* Project object */;
			proxyType = 1;
			remoteGlobalIDString = 2665F9E91E8B55F800B206B8;
			remoteInfo = UserDefaultDemo;
		};
/* End PBXContainerItemProxy section */

/* Begin PBXFileReference section */
		2665F9EA1E8B55F800B206B8 /* UserDefaultDemo.app */ = {isa = PBXFileReference; explicitFileType = wrapper.application; includeInIndex = 0; path = UserDefaultDemo.app; sourceTree = BUILT_PRODUCTS_DIR; };
		2665F9ED1E8B55F800B206B8 /* AppDelegate.swift */ = {isa = PBXFileReference; lastKnownFileType = sourcecode.swift; path = AppDelegate.swift; sourceTree = "<group>"; };
		2665F9EF1E8B55F800B206B8 /* ViewController.swift */ = {isa = PBXFileReference; lastKnownFileType = sourcecode.swift; path = ViewController.swift; sourceTree = "<group>"; };
		2665F9F21E8B55F800B206B8 /* Base */ = {isa = PBXFileReference; lastKnownFileType = file.storyboard; name = Base; path = Base.lproj/Main.storyboard; sourceTree = "<group>"; };
		2665F9F41E8B55F800B206B8 /* Assets.xcassets */ = {isa = PBXFileReference; lastKnownFileType = folder.assetcatalog; path = Assets.xcassets; sourceTree = "<group>"; };
		2665F9F71E8B55F800B206B8 /* Base */ = {isa = PBXFileReference; lastKnownFileType = file.storyboard; name = Base; path = Base.lproj/LaunchScreen.storyboard; sourceTree = "<group>"; };
		2665F9F91E8B55F800B206B8 /* Info.plist */ = {isa = PBXFileReference; lastKnownFileType = text.plist.xml; path = Info.plist; sourceTree = "<group>"; };
		2665F9FE1E8B55F800B206B8 /* UserDefaultDemoTests.xctest */ = {isa = PBXFileReference; explicitFileType = wrapper.cfbundle; includeInIndex = 0; path = UserDefaultDemoTests.xctest; sourceTree = BUILT_PRODUCTS_DIR; };
		2665FA021E8B55F800B206B8 /* UserDefaultDemoTests.swift */ = {isa = PBXFileReference; lastKnownFileType = sourcecode.swift; path = UserDefaultDemoTests.swift; sourceTree = "<group>"; };
		2665FA041E8B55F800B206B8 /* Info.plist */ = {isa = PBXFileReference; lastKnownFileType = text.plist.xml; path = Info.plist; sourceTree = "<group>"; };
		2665FA091E8B55F800B206B8 /* UserDefaultDemoUITests.xctest */ = {isa = PBXFileReference; explicitFileType = wrapper.cfbundle; includeInIndex = 0; path = UserDefaultDemoUITests.xctest; sourceTree = BUILT_PRODUCTS_DIR; };
		2665FA0D1E8B55F800B206B8 /* UserDefaultDemoUITests.swift */ = {isa = PBXFileReference; lastKnownFileType = sourcecode.swift; path = UserDefaultDemoUITests.swift; sourceTree = "<group>"; };
		2665FA0F1E8B55F800B206B8 /* Info.plist */ = {isa = PBXFileReference; lastKnownFileType = text.plist.xml; path = Info.plist; sourceTree = "<group>"; };
/* End PBXFileReference section */

/* Begin PBXFrameworksBuildPhase section */
		2665F9E71E8B55F800B206B8 /* Frameworks */ = {
			isa = PBXFrameworksBuildPhase;
			buildActionMask = 2147483647;
			files = (
			);
			runOnlyForDeploymentPostprocessing = 0;
		};
		2665F9FB1E8B55F800B206B8 /* Frameworks */ = {
			isa = PBXFrameworksBuildPhase;
			buildActionMask = 2147483647;
			files = (
			);
			runOnlyForDeploymentPostprocessing = 0;
		};
		2665FA061E8B55F800B206B8 /* Frameworks */ = {
			isa = PBXFrameworksBuildPhase;
			buildActionMask = 2147483647;
			files = (
			);
			runOnlyForDeploymentPostprocessing = 0;
		};
/* End PBXFrameworksBuildPhase section */

/* Begin PBXGroup section */
		2665F9E11E8B55F800B206B8 = {
			isa = PBXGroup;
			children = (
				2665F9EC1E8B55F800B206B8 /* UserDefaultDemo */,
				2665FA011E8B55F800B206B8 /* UserDefaultDemoTests */,
				2665FA0C1E8B55F800B206B8 /* UserDefaultDemoUITests */,
				2665F9EB1E8B55F800B206B8 /* Products */,
			);
			sourceTree = "<group>";
		};
		2665F9EB1E8B55F800B206B8 /* Products */ = {
			isa = PBXGroup;
			children = (
				2665F9EA1E8B55F800B206B8 /* UserDefaultDemo.app */,
				2665F9FE1E8B55F800B206B8 /* UserDefaultDemoTests.xctest */,
				2665FA091E8B55F800B206B8 /* UserDefaultDemoUITests.xctest */,
			);
			name = Products;
			sourceTree = "<group>";
		};
		2665F9EC1E8B55F800B206B8 /* UserDefaultDemo */ = {
			isa = PBXGroup;
			children = (
				2665F9ED1E8B55F800B206B8 /* AppDelegate.swift */,
				2665F9EF1E8B55F800B206B8 /* ViewController.swift */,
				2665F9F11E8B55F800B206B8 /* Main.storyboard */,
				2665F9F41E8B55F800B206B8 /* Assets.xcassets */,
				2665F9F61E8B55F800B206B8 /* LaunchScreen.storyboard */,
				2665F9F91E8B55F800B206B8 /* Info.plist */,
			);
			path = UserDefaultDemo;
			sourceTree = "<group>";
		};
		2665FA011E8B55F800B206B8 /* UserDefaultDemoTests */ = {
			isa = PBXGroup;
			children = (
				2665FA021E8B55F800B206B8 /* UserDefaultDemoTests.swift */,
				2665FA041E8B55F800B206B8 /* Info.plist */,
			);
			path = UserDefaultDemoTests;
			sourceTree = "<group>";
		};
		2665FA0C1E8B55F800B206B8 /* UserDefaultDemoUITests */ = {
			isa = PBXGroup;
			children = (
				2665FA0D1E8B55F800B206B8 /* UserDefaultDemoUITests.swift */,
				2665FA0F1E8B55F800B206B8 /* Info.plist */,
			);
			path = UserDefaultDemoUITests;
			sourceTree = "<group>";
		};
/* End PBXGroup section */

/* Begin PBXNativeTarget section */
		2665F9E91E8B55F800B206B8 /* UserDefaultDemo */ = {
			isa = PBXNativeTarget;
			buildConfigurationList = 2665FA121E8B55F800B206B8 /* Build configuration list for PBXNativeTarget "UserDefaultDemo" */;
			buildPhases = (
				2665F9E61E8B55F800B206B8 /* Sources */,
				2665F9E71E8B55F800B206B8 /* Frameworks */,
				2665F9E81E8B55F800B206B8 /* Resources */,
			);
			buildRules = (
			);
			dependencies = (
			);
			name = UserDefaultDemo;
			productName = UserDefaultDemo;
			productReference = 2665F9EA1E8B55F800B206B8 /* UserDefaultDemo.app */;
			productType = "com.apple.product-type.application";
		};
		2665F9FD1E8B55F800B206B8 /* UserDefaultDemoTests */ = {
			isa = PBXNativeTarget;
			buildConfigurationList = 2665FA151E8B55F800B206B8 /* Build configuration list for PBXNativeTarget "UserDefaultDemoTests" */;
			buildPhases = (
				2665F9FA1E8B55F800B206B8 /* Sources */,
				2665F9FB1E8B55F800B206B8 /* Frameworks */,
				2665F9FC1E8B55F800B206B8 /* Resources */,
			);
			buildRules = (
			);
			dependencies = (
				2665FA001E8B55F800B206B8 /* PBXTargetDependency */,
			);
			name = UserDefaultDemoTests;
			productName = UserDefaultDemoTests;
			productReference = 2665F9FE1E8B55F800B206B8 /* UserDefaultDemoTests.xctest */;
			productType = "com.apple.product-type.bundle.unit-test";
		};
		2665FA081E8B55F800B206B8 /* UserDefaultDemoUITests */ = {
			isa = PBXNativeTarget;
			buildConfigurationList = 2665FA181E8B55F800B206B8 /* Build configuration list for PBXNativeTarget "UserDefaultDemoUITests" */;
			buildPhases = (
				2665FA051E8B55F800B206B8 /* Sources */,
				2665FA061E8B55F800B206B8 /* Frameworks */,
				2665FA071E8B55F800B206B8 /* Resources */,
			);
			buildRules = (
			);
			dependencies = (
				2665FA0B1E8B55F800B206B8 /* PBXTargetDependency */,
			);
			name = UserDefaultDemoUITests;
			productName = UserDefaultDemoUITests;
			productReference = 2665FA091E8B55F800B206B8 /* UserDefaultDemoUITests.xctest */;
			productType = "com.apple.product-type.bundle.ui-testing";
		};
/* End PBXNativeTarget section */

/* Begin PBXProject section */
		2665F9E21E8B55F800B206B8 /* Project object */ = {
			isa = PBXProject;
			attributes = {
				LastSwiftUpdateCheck = 0830;
				LastUpgradeCheck = 0830;
				ORGANIZATIONNAME = PhongLe;
				TargetAttributes = {
					2665F9E91E8B55F800B206B8 = {
						CreatedOnToolsVersion = 8.3;
						DevelopmentTeam = 8FWWK23S85;
						ProvisioningStyle = Automatic;
					};
					2665F9FD1E8B55F800B206B8 = {
						CreatedOnToolsVersion = 8.3;
						DevelopmentTeam = 8FWWK23S85;
						ProvisioningStyle = Automatic;
						TestTargetID = 2665F9E91E8B55F800B206B8;
					};
					2665FA081E8B55F800B206B8 = {
						CreatedOnToolsVersion = 8.3;
						DevelopmentTeam = 8FWWK23S85;
						ProvisioningStyle = Automatic;
						TestTargetID = 2665F9E91E8B55F800B206B8;
					};
				};
			};
			buildConfigurationList = 2665F9E51E8B55F800B206B8 /* Build configuration list for PBXProject "UserDefaultDemo" */;
			compatibilityVersion = "Xcode 3.2";
			developmentRegion = English;
			hasScannedForEncodings = 0;
			knownRegions = (
				en,
				Base,
			);
			mainGroup = 2665F9E11E8B55F800B206B8;
			productRefGroup = 2665F9EB1E8B55F800B206B8 /* Products */;
			projectDirPath = "";
			projectRoot = "";
			targets = (
				2665F9E91E8B55F800B206B8 /* UserDefaultDemo */,
				2665F9FD1E8B55F800B206B8 /* UserDefaultDemoTests */,
				2665FA081E8B55F800B206B8 /* UserDefaultDemoUITests */,
			);
		};
/* End PBXProject section */

/* Begin PBXResourcesBuildPhase section */
		2665F9E81E8B55F800B206B8 /* Resources */ = {
			isa = PBXResourcesBuildPhase;
			buildActionMask = 2147483647;
			files = (
				2665F9F81E8B55F800B206B8 /* LaunchScreen.storyboard in Resources */,
				2665F9F51E8B55F800B206B8 /* Assets.xcassets in Resources */,
				2665F9F31E8B55F800B206B8 /* Main.storyboard in Resources */,
			);
			runOnlyForDeploymentPostprocessing = 0;
		};
		2665F9FC1E8B55F800B206B8 /* Resources */ = {
			isa = PBXResourcesBuildPhase;
			buildActionMask = 2147483647;
			files = (
			);
			runOnlyForDeploymentPostprocessing = 0;
		};
		2665FA071E8B55F800B206B8 /* Resources */ = {
			isa = PBXResourcesBuildPhase;
			buildActionMask = 2147483647;
			files = (
			);
			runOnlyForDeploymentPostprocessing = 0;
		};
/* End PBXResourcesBuildPhase section */

/* Begin PBXSourcesBuildPhase section */
		2665F9E61E8B55F800B206B8 /* Sources */ = {
			isa = PBXSourcesBuildPhase;
			buildActionMask = 2147483647;
			files = (
				2665F9F01E8B55F800B206B8 /* ViewController.swift in Sources */,
				2665F9EE1E8B55F800B206B8 /* AppDelegate.swift in Sources */,
			);
			runOnlyForDeploymentPostprocessing = 0;
		};
		2665F9FA1E8B55F800B206B8 /* Sources */ = {
			isa = PBXSourcesBuildPhase;
			buildActionMask = 2147483647;
			files = (
				2665FA031E8B55F800B206B8 /* UserDefaultDemoTests.swift in Sources */,
			);
			runOnlyForDeploymentPostprocessing = 0;
		};
		2665FA051E8B55F800B206B8 /* Sources */ = {
			isa = PBXSourcesBuildPhase;
			buildActionMask = 2147483647;
			files = (
				2665FA0E1E8B55F800B206B8 /* UserDefaultDemoUITests.swift in Sources */,
			);
			runOnlyForDeploymentPostprocessing = 0;
		};
/* End PBXSourcesBuildPhase section */

/* Begin PBXTargetDependency section */
		2665FA001E8B55F800B206B8 /* PBXTargetDependency */ = {
			isa = PBXTargetDependency;
			target = 2665F9E91E8B55F800B206B8 /* UserDefaultDemo */;
			targetProxy = 2665F9FF1E8B55F800B206B8 /* PBXContainerItemProxy */;
		};
		2665FA0B1E8B55F800B206B8 /* PBXTargetDependency */ = {
			isa = PBXTargetDependency;
			target = 2665F9E91E8B55F800B206B8 /* UserDefaultDemo */;
			targetProxy = 2665FA0A1E8B55F800B206B8 /* PBXContainerItemProxy */;
		};
/* End PBXTargetDependency section */

/* Begin PBXVariantGroup section */
		2665F9F11E8B55F800B206B8 /* Main.storyboard */ = {
			isa = PBXVariantGroup;
			children = (
				2665F9F21E8B55F800B206B8 /* Base */,
			);
			name = Main.storyboard;
			sourceTree = "<group>";
		};
		2665F9F61E8B55F800B206B8 /* LaunchScreen.storyboard */ = {
			isa = PBXVariantGroup;
			children = (
				2665F9F71E8B55F800B206B8 /* Base */,
			);
			name = LaunchScreen.storyboard;
			sourceTree = "<group>";
		};
/* End PBXVariantGroup section */

/* Begin XCBuildConfiguration section */
		2665FA101E8B55F800B206B8 /* Debug */ = {
			isa = XCBuildConfiguration;
			buildSettings = {
				ALWAYS_SEARCH_USER_PATHS = NO;
				CLANG_ANALYZER_NONNULL = YES;
				CLANG_ANALYZER_NUMBER_OBJECT_CONVERSION = YES_AGGRESSIVE;
				CLANG_CXX_LANGUAGE_STANDARD = "gnu++0x";
				CLANG_CXX_LIBRARY = "libc++";
				CLANG_ENABLE_MODULES = YES;
				CLANG_ENABLE_OBJC_ARC = YES;
				CLANG_WARN_BOOL_CONVERSION = YES;
				CLANG_WARN_CONSTANT_CONVERSION = YES;
				CLANG_WARN_DIRECT_OBJC_ISA_USAGE = YES_ERROR;
				CLANG_WARN_DOCUMENTATION_COMMENTS = YES;
				CLANG_WARN_EMPTY_BODY = YES;
				CLANG_WARN_ENUM_CONVERSION = YES;
				CLANG_WARN_INFINITE_RECURSION = YES;
				CLANG_WARN_INT_CONVERSION = YES;
				CLANG_WARN_OBJC_ROOT_CLASS = YES_ERROR;
				CLANG_WARN_SUSPICIOUS_MOVE = YES;
				CLANG_WARN_UNREACHABLE_CODE = YES;
				CLANG_WARN__DUPLICATE_METHOD_MATCH = YES;
				"CODE_SIGN_IDENTITY[sdk=iphoneos*]" = "iPhone Developer";
				COPY_PHASE_STRIP = NO;
				DEBUG_INFORMATION_FORMAT = dwarf;
				ENABLE_STRICT_OBJC_MSGSEND = YES;
				ENABLE_TESTABILITY = YES;
				GCC_C_LANGUAGE_STANDARD = gnu99;
				GCC_DYNAMIC_NO_PIC = NO;
				GCC_NO_COMMON_BLOCKS = YES;
				GCC_OPTIMIZATION_LEVEL = 0;
				GCC_PREPROCESSOR_DEFINITIONS = (
					"DEBUG=1",
					"$(inherited)",
				);
				GCC_WARN_64_TO_32_BIT_CONVERSION = YES;
				GCC_WARN_ABOUT_RETURN_TYPE = YES_ERROR;
				GCC_WARN_UNDECLARED_SELECTOR = YES;
				GCC_WARN_UNINITIALIZED_AUTOS = YES_AGGRESSIVE;
				GCC_WARN_UNUSED_FUNCTION = YES;
				GCC_WARN_UNUSED_VARIABLE = YES;
				IPHONEOS_DEPLOYMENT_TARGET = 10.3;
				MTL_ENABLE_DEBUG_INFO = YES;
				ONLY_ACTIVE_ARCH = YES;
				SDKROOT = iphoneos;
				SWIFT_ACTIVE_COMPILATION_CONDITIONS = DEBUG;
				SWIFT_OPTIMIZATION_LEVEL = "-Onone";
				TARGETED_DEVICE_FAMILY = "1,2";
			};
			name = Debug;
		};
		2665FA111E8B55F800B206B8 /* Release */ = {
			isa = XCBuildConfiguration;
			buildSettings = {
				ALWAYS_SEARCH_USER_PATHS = NO;
				CLANG_ANALYZER_NONNULL = YES;
				CLANG_ANALYZER_NUMBER_OBJECT_CONVERSION = YES_AGGRESSIVE;
				CLANG_CXX_LANGUAGE_STANDARD = "gnu++0x";
				CLANG_CXX_LIBRARY = "libc++";
				CLANG_ENABLE_MODULES = YES;
				CLANG_ENABLE_OBJC_ARC = YES;
				CLANG_WARN_BOOL_CONVERSION = YES;
				CLANG_WARN_CONSTANT_CONVERSION = YES;
				CLANG_WARN_DIRECT_OBJC_ISA_USAGE = YES_ERROR;
				CLANG_WARN_DOCUMENTATION_COMMENTS = YES;
				CLANG_WARN_EMPTY_BODY = YES;
				CLANG_WARN_ENUM_CONVERSION = YES;
				CLANG_WARN_INFINITE_RECURSION = YES;
				CLANG_WARN_INT_CONVERSION = YES;
				CLANG_WARN_OBJC_ROOT_CLASS = YES_ERROR;
				CLANG_WARN_SUSPICIOUS_MOVE = YES;
				CLANG_WARN_UNREACHABLE_CODE = YES;
				CLANG_WARN__DUPLICATE_METHOD_MATCH = YES;
				"CODE_SIGN_IDENTITY[sdk=iphoneos*]" = "iPhone Developer";
				COPY_PHASE_STRIP = NO;
				DEBUG_INFORMATION_FORMAT = "dwarf-with-dsym";
				ENABLE_NS_ASSERTIONS = NO;
				ENABLE_STRICT_OBJC_MSGSEND = YES;
				GCC_C_LANGUAGE_STANDARD = gnu99;
				GCC_NO_COMMON_BLOCKS = YES;
				GCC_WARN_64_TO_32_BIT_CONVERSION = YES;
				GCC_WARN_ABOUT_RETURN_TYPE = YES_ERROR;
				GCC_WARN_UNDECLARED_SELECTOR = YES;
				GCC_WARN_UNINITIALIZED_AUTOS = YES_AGGRESSIVE;
				GCC_WARN_UNUSED_FUNCTION = YES;
				GCC_WARN_UNUSED_VARIABLE = YES;
				IPHONEOS_DEPLOYMENT_TARGET = 10.3;
				MTL_ENABLE_DEBUG_INFO = NO;
				SDKROOT = iphoneos;
				SWIFT_OPTIMIZATION_LEVEL = "-Owholemodule";
				TARGETED_DEVICE_FAMILY = "1,2";
				VALIDATE_PRODUCT = YES;
			};
			name = Release;
		};
		2665FA131E8B55F800B206B8 /* Debug */ = {
			isa = XCBuildConfiguration;
			buildSettings = {
				ASSETCATALOG_COMPILER_APPICON_NAME = AppIcon;
				DEVELOPMENT_TEAM = 8FWWK23S85;
				INFOPLIST_FILE = UserDefaultDemo/Info.plist;
				LD_RUNPATH_SEARCH_PATHS = "$(inherited) @executable_path/Frameworks";
				PRODUCT_BUNDLE_IDENTIFIER = com.edu.example.UserDefaultDemo;
				PRODUCT_NAME = "$(TARGET_NAME)";
				SWIFT_VERSION = 3.0;
			};
			name = Debug;
		};
		2665FA141E8B55F800B206B8 /* Release */ = {
			isa = XCBuildConfiguration;
			buildSettings = {
				ASSETCATALOG_COMPILER_APPICON_NAME = AppIcon;
				DEVELOPMENT_TEAM = 8FWWK23S85;
				INFOPLIST_FILE = UserDefaultDemo/Info.plist;
				LD_RUNPATH_SEARCH_PATHS = "$(inherited) @executable_path/Frameworks";
				PRODUCT_BUNDLE_IDENTIFIER = com.edu.example.UserDefaultDemo;
				PRODUCT_NAME = "$(TARGET_NAME)";
				SWIFT_VERSION = 3.0;
			};
			name = Release;
		};
		2665FA161E8B55F800B206B8 /* Debug */ = {
			isa = XCBuildConfiguration;
			buildSettings = {
				ALWAYS_EMBED_SWIFT_STANDARD_LIBRARIES = YES;
				BUNDLE_LOADER = "$(TEST_HOST)";
				DEVELOPMENT_TEAM = 8FWWK23S85;
				INFOPLIST_FILE = UserDefaultDemoTests/Info.plist;
				LD_RUNPATH_SEARCH_PATHS = "$(inherited) @executable_path/Frameworks @loader_path/Frameworks";
				PRODUCT_BUNDLE_IDENTIFIER = com.edu.example.UserDefaultDemoTests;
				PRODUCT_NAME = "$(TARGET_NAME)";
				SWIFT_VERSION = 3.0;
				TEST_HOST = "$(BUILT_PRODUCTS_DIR)/UserDefaultDemo.app/UserDefaultDemo";
			};
			name = Debug;
		};
		2665FA171E8B55F800B206B8 /* Release */ = {
			isa = XCBuildConfiguration;
			buildSettings = {
				ALWAYS_EMBED_SWIFT_STANDARD_LIBRARIES = YES;
				BUNDLE_LOADER = "$(TEST_HOST)";
				DEVELOPMENT_TEAM = 8FWWK23S85;
				INFOPLIST_FILE = UserDefaultDemoTests/Info.plist;
				LD_RUNPATH_SEARCH_PATHS = "$(inherited) @executable_path/Frameworks @loader_path/Frameworks";
				PRODUCT_BUNDLE_IDENTIFIER = com.edu.example.UserDefaultDemoTests;
				PRODUCT_NAME = "$(TARGET_NAME)";
				SWIFT_VERSION = 3.0;
				TEST_HOST = "$(BUILT_PRODUCTS_DIR)/UserDefaultDemo.app/UserDefaultDemo";
			};
			name = Release;
		};
		2665FA191E8B55F800B206B8 /* Debug */ = {
			isa = XCBuildConfiguration;
			buildSettings = {
				ALWAYS_EMBED_SWIFT_STANDARD_LIBRARIES = YES;
				DEVELOPMENT_TEAM = 8FWWK23S85;
				INFOPLIST_FILE = UserDefaultDemoUITests/Info.plist;
				LD_RUNPATH_SEARCH_PATHS = "$(inherited) @executable_path/Frameworks @loader_path/Frameworks";
				PRODUCT_BUNDLE_IDENTIFIER = com.edu.example.UserDefaultDemoUITests;
				PRODUCT_NAME = "$(TARGET_NAME)";
				SWIFT_VERSION = 3.0;
				TEST_TARGET_NAME = UserDefaultDemo;
			};
			name = Debug;
		};
		2665FA1A1E8B55F800B206B8 /* Release */ = {
			isa = XCBuildConfiguration;
			buildSettings = {
				ALWAYS_EMBED_SWIFT_STANDARD_LIBRARIES = YES;
				DEVELOPMENT_TEAM = 8FWWK23S85;
				INFOPLIST_FILE = UserDefaultDemoUITests/Info.plist;
				LD_RUNPATH_SEARCH_PATHS = "$(inherited) @executable_path/Frameworks @loader_path/Frameworks";
				PRODUCT_BUNDLE_IDENTIFIER = com.edu.example.UserDefaultDemoUITests;
				PRODUCT_NAME = "$(TARGET_NAME)";
				SWIFT_VERSION = 3.0;
				TEST_TARGET_NAME = UserDefaultDemo;
			};
			name = Release;
		};
/* End XCBuildConfiguration section */

/* Begin XCConfigurationList section */
		2665F9E51E8B55F800B206B8 /* Build configuration list for PBXProject "UserDefaultDemo" */ = {
			isa = XCConfigurationList;
			buildConfigurations = (
				2665FA101E8B55F800B206B8 /* Debug */,
				2665FA111E8B55F800B206B8 /* Release */,
			);
			defaultConfigurationIsVisible = 0;
			defaultConfigurationName = Release;
		};
		2665FA121E8B55F800B206B8 /* Build configuration list for PBXNativeTarget "UserDefaultDemo" */ = {
			isa = XCConfigurationList;
			buildConfigurations = (
				2665FA131E8B55F800B206B8 /* Debug */,
				2665FA141E8B55F800B206B8 /* Release */,
			);
			defaultConfigurationIsVisible = 0;
		};
		2665FA151E8B55F800B206B8 /* Build configuration list for PBXNativeTarget "UserDefaultDemoTests" */ = {
			isa = XCConfigurationList;
			buildConfigurations = (
				2665FA161E8B55F800B206B8 /* Debug */,
				2665FA171E8B55F800B206B8 /* Release */,
			);
			defaultConfigurationIsVisible = 0;
		};
		2665FA181E8B55F800B206B8 /* Build configuration list for PBXNativeTarget "UserDefaultDemoUITests" */ = {
			isa = XCConfigurationList;
			buildConfigurations = (
				2665FA191E8B55F800B206B8 /* Debug */,
				2665FA1A1E8B55F800B206B8 /* Release */,
			);
			defaultConfigurationIsVisible = 0;
		};
/* End XCConfigurationList section */
	};
	rootObject = 2665F9E21E8B55F800B206B8 /* Project object */;
}
